
Microsoft Visual Studio Solution File, Format Version 12.00
# Visual Studio Version 17
VisualStudioVersion = 17.12.35506.116 d17.12
MinimumVisualStudioVersion = 10.0.40219.1
Project("{FAE04EC0-301F-11D3-BF4B-00C04F79EFBC}") = "ECommerce.Api.Products", "ECommerce.Api.Products\ECommerce.Api.Products.csproj", "{B89900F1-A6DC-4F28-A3DE-EA8999FAD0AE}"
EndProject
Project("{FAE04EC0-301F-11D3-BF4B-00C04F79EFBC}") = "ECommerce.Api.Customers", "ECommerce.Api.Customers\ECommerce.Api.Customers.csproj", "{5F2E4B84-2E13-415D-B892-8C0C1C06F782}"
EndProject
Project("{FAE04EC0-301F-11D3-BF4B-00C04F79EFBC}") = "ECommerce.Api.Orders", "ECommerce.Api.Orders\ECommerce.Api.Orders.csproj", "{5148DE45-5DC0-4D18-AB79-C3630BDA694A}"
EndProject
Project("{FAE04EC0-301F-11D3-BF4B-00C04F79EFBC}") = "ECommerce.Api.Search", "ECommerce.Api.Search\ECommerce.Api.Search.csproj", "{B5B0EE7E-AEB2-4004-8285-6BBD6AF77162}"
EndProject
Global
	GlobalSection(SolutionConfigurationPlatforms) = preSolution
		Debug|Any CPU = Debug|Any CPU
		Release|Any CPU = Release|Any CPU
	EndGlobalSection
	GlobalSection(ProjectConfigurationPlatforms) = postSolution
		{B89900F1-A6DC-4F28-A3DE-EA8999FAD0AE}.Debug|Any CPU.ActiveCfg = Debug|Any CPU
		{B89900F1-A6DC-4F28-A3DE-EA8999FAD0AE}.Debug|Any CPU.Build.0 = Debug|Any CPU
		{B89900F1-A6DC-4F28-A3DE-EA8999FAD0AE}.Release|Any CPU.ActiveCfg = Release|Any CPU
		{B89900F1-A6DC-4F28-A3DE-EA8999FAD0AE}.Release|Any CPU.Build.0 = Release|Any CPU
		{5F2E4B84-2E13-415D-B892-8C0C1C06F782}.Debug|Any CPU.ActiveCfg = Debug|Any CPU
		{5F2E4B84-2E13-415D-B892-8C0C1C06F782}.Debug|Any CPU.Build.0 = Debug|Any CPU
		{5F2E4B84-2E13-415D-B892-8C0C1C06F782}.Release|Any CPU.ActiveCfg = Release|Any CPU
		{5F2E4B84-2E13-415D-B892-8C0C1C06F782}.Release|Any CPU.Build.0 = Release|Any CPU
		{5148DE45-5DC0-4D18-AB79-C3630BDA694A}.Debug|Any CPU.ActiveCfg = Debug|Any CPU
		{5148DE45-5DC0-4D18-AB79-C3630BDA694A}.Debug|Any CPU.Build.0 = Debug|Any CPU
		{5148DE45-5DC0-4D18-AB79-C3630BDA694A}.Release|Any CPU.ActiveCfg = Release|Any CPU
		{5148DE45-5DC0-4D18-AB79-C3630BDA694A}.Release|Any CPU.Build.0 = Release|Any CPU
		{B5B0EE7E-AEB2-4004-8285-6BBD6AF77162}.Debug|Any CPU.ActiveCfg = Debug|Any CPU
		{B5B0EE7E-AEB2-4004-8285-6BBD6AF77162}.Debug|Any CPU.Build.0 = Debug|Any CPU
		{B5B0EE7E-AEB2-4004-8285-6BBD6AF77162}.Release|Any CPU.ActiveCfg = Release|Any CPU
		{B5B0EE7E-AEB2-4004-8285-6BBD6AF77162}.Release|Any CPU.Build.0 = Release|Any CPU
	EndGlobalSection
	GlobalSection(SolutionProperties) = preSolution
		HideSolutionNode = FALSE
	EndGlobalSection
EndGlobal
